
Microsoft Visual Studio Solution File, Format Version 12.00
# Visual Studio Version 16
VisualStudioVersion = 16.0.28803.352
MinimumVisualStudioVersion = 10.0.40219.1
Project("{FAE04EC0-301F-11D3-BF4B-00C04F79EFBC}") = "DepartmentsAndEmployees", "DepartmentsAndEmployees\DepartmentsAndEmployees.csproj", "{D71AA0ED-AABB-4068-8356-7B481771FEEA}"
EndProject
Global
	GlobalSection(SolutionConfigurationPlatforms) = preSolution
		Debug|Any CPU = Debug|Any CPU
		Release|Any CPU = Release|Any CPU
	EndGlobalSection
	GlobalSection(ProjectConfigurationPlatforms) = postSolution
		{D71AA0ED-AABB-4068-8356-7B481771FEEA}.Debug|Any CPU.ActiveCfg = Debug|Any CPU
		{D71AA0ED-AABB-4068-8356-7B481771FEEA}.Debug|Any CPU.Build.0 = Debug|Any CPU
		{D71AA0ED-AABB-4068-8356-7B481771FEEA}.Release|Any CPU.ActiveCfg = Release|Any CPU
		{D71AA0ED-AABB-4068-8356-7B481771FEEA}.Release|Any CPU.Build.0 = Release|Any CPU
	EndGlobalSection
	GlobalSection(SolutionProperties) = preSolution
		HideSolutionNode = FALSE
	EndGlobalSection
	GlobalSection(ExtensibilityGlobals) = postSolution
		SolutionGuid = {FB5A2469-4F0A-47C4-A532-B4DF7FA8CB21}
	EndGlobalSection
EndGlobal
